
Microsoft Visual Studio Solution File, Format Version 12.00
# Visual Studio Version 17
VisualStudioVersion = 17.13.35825.156
MinimumVisualStudioVersion = 10.0.40219.1
Project("{FAE04EC0-301F-11D3-BF4B-00C04F79EFBC}") = "BytPax", "BytPax.csproj", "{F05FCE60-E709-4551-9EEF-70CFCCCAB2F5}"
EndProject
Project("{FAE04EC0-301F-11D3-BF4B-00C04F79EFBC}") = "BytPax.Tests", "..\BytPax.Tests\BytPax.Tests.csproj", "{2F617EEB-A1C0-42C9-98BC-D62D80C1EA04}"
EndProject
Global
	GlobalSection(SolutionConfigurationPlatforms) = preSolution
		Debug|Any CPU = Debug|Any CPU
		Release|Any CPU = Release|Any CPU
	EndGlobalSection
	GlobalSection(ProjectConfigurationPlatforms) = postSolution
		{F05FCE60-E709-4551-9EEF-70CFCCCAB2F5}.Debug|Any CPU.ActiveCfg = Debug|Any CPU
		{F05FCE60-E709-4551-9EEF-70CFCCCAB2F5}.Debug|Any CPU.Build.0 = Debug|Any CPU
		{F05FCE60-E709-4551-9EEF-70CFCCCAB2F5}.Release|Any CPU.ActiveCfg = Release|Any CPU
		{F05FCE60-E709-4551-9EEF-70CFCCCAB2F5}.Release|Any CPU.Build.0 = Release|Any CPU
		{2F617EEB-A1C0-42C9-98BC-D62D80C1EA04}.Debug|Any CPU.ActiveCfg = Debug|Any CPU
		{2F617EEB-A1C0-42C9-98BC-D62D80C1EA04}.Debug|Any CPU.Build.0 = Debug|Any CPU
		{2F617EEB-A1C0-42C9-98BC-D62D80C1EA04}.Release|Any CPU.ActiveCfg = Release|Any CPU
		{2F617EEB-A1C0-42C9-98BC-D62D80C1EA04}.Release|Any CPU.Build.0 = Release|Any CPU
	EndGlobalSection
	GlobalSection(SolutionProperties) = preSolution
		HideSolutionNode = FALSE
	EndGlobalSection
	GlobalSection(ExtensibilityGlobals) = postSolution
		SolutionGuid = {659E4ED1-21C7-4E64-87CE-7DF62BD11615}
	EndGlobalSection
EndGlobal
